// !$*UTF8*$!
{
	archiveVersion = 1;
	classes = {
	};
	objectVersion = 48;
	objects = {

/* Begin PBXBuildFile section */
		7C10DD341FA2EFA600B30090 /* AppDelegate.swift in Sources */ = {isa = PBXBuildFile; fileRef = 7C10DD331FA2EFA600B30090 /* AppDelegate.swift */; };
		7C10DD361FA2EFA600B30090 /* ViewController.swift in Sources */ = {isa = PBXBuildFile; fileRef = 7C10DD351FA2EFA600B30090 /* ViewController.swift */; };
		7C10DD391FA2EFA600B30090 /* Main.storyboard in Resources */ = {isa = PBXBuildFile; fileRef = 7C10DD371FA2EFA600B30090 /* Main.storyboard */; };
		7C10DD3B1FA2EFA600B30090 /* Assets.xcassets in Resources */ = {isa = PBXBuildFile; fileRef = 7C10DD3A1FA2EFA600B30090 /* Assets.xcassets */; };
		7C10DD3E1FA2EFA600B30090 /* LaunchScreen.storyboard in Resources */ = {isa = PBXBuildFile; fileRef = 7C10DD3C1FA2EFA600B30090 /* LaunchScreen.storyboard */; };
		7C10DD491FA2EFA600B30090 /* Laugh_detectTests.swift in Sources */ = {isa = PBXBuildFile; fileRef = 7C10DD481FA2EFA600B30090 /* Laugh_detectTests.swift */; };
		7C10DD541FA2EFA600B30090 /* Laugh_detectUITests.swift in Sources */ = {isa = PBXBuildFile; fileRef = 7C10DD531FA2EFA600B30090 /* Laugh_detectUITests.swift */; };
/* End PBXBuildFile section */

/* Begin PBXContainerItemProxy section */
		7C10DD451FA2EFA600B30090 /* PBXContainerItemProxy */ = {
			isa = PBXContainerItemProxy;
			containerPortal = 7C10DD281FA2EFA600B30090 /* Project object */;
			proxyType = 1;
			remoteGlobalIDString = 7C10DD2F1FA2EFA600B30090;
			remoteInfo = Laugh_detect;
		};
		7C10DD501FA2EFA600B30090 /* PBXContainerItemProxy */ = {
			isa = PBXContainerItemProxy;
			containerPortal = 7C10DD281FA2EFA600B30090 /* Project object */;
			proxyType = 1;
			remoteGlobalIDString = 7C10DD2F1FA2EFA600B30090;
			remoteInfo = Laugh_detect;
		};
/* End PBXContainerItemProxy section */

/* Begin PBXFileReference section */
		7C10DD301FA2EFA600B30090 /* Laugh_detect.app */ = {isa = PBXFileReference; explicitFileType = wrapper.application; includeInIndex = 0; path = Laugh_detect.app; sourceTree = BUILT_PRODUCTS_DIR; };
		7C10DD331FA2EFA600B30090 /* AppDelegate.swift */ = {isa = PBXFileReference; lastKnownFileType = sourcecode.swift; path = AppDelegate.swift; sourceTree = "<group>"; };
		7C10DD351FA2EFA600B30090 /* ViewController.swift */ = {isa = PBXFileReference; lastKnownFileType = sourcecode.swift; path = ViewController.swift; sourceTree = "<group>"; };
		7C10DD381FA2EFA600B30090 /* Base */ = {isa = PBXFileReference; lastKnownFileType = file.storyboard; name = Base; path = Base.lproj/Main.storyboard; sourceTree = "<group>"; };
		7C10DD3A1FA2EFA600B30090 /* Assets.xcassets */ = {isa = PBXFileReference; lastKnownFileType = folder.assetcatalog; path = Assets.xcassets; sourceTree = "<group>"; };
		7C10DD3D1FA2EFA600B30090 /* Base */ = {isa = PBXFileReference; lastKnownFileType = file.storyboard; name = Base; path = Base.lproj/LaunchScreen.storyboard; sourceTree = "<group>"; };
		7C10DD3F1FA2EFA600B30090 /* Info.plist */ = {isa = PBXFileReference; lastKnownFileType = text.plist.xml; path = Info.plist; sourceTree = "<group>"; };
		7C10DD441FA2EFA600B30090 /* Laugh_detectTests.xctest */ = {isa = PBXFileReference; explicitFileType = wrapper.cfbundle; includeInIndex = 0; path = Laugh_detectTests.xctest; sourceTree = BUILT_PRODUCTS_DIR; };
		7C10DD481FA2EFA600B30090 /* Laugh_detectTests.swift */ = {isa = PBXFileReference; lastKnownFileType = sourcecode.swift; path = Laugh_detectTests.swift; sourceTree = "<group>"; };
		7C10DD4A1FA2EFA600B30090 /* Info.plist */ = {isa = PBXFileReference; lastKnownFileType = text.plist.xml; path = Info.plist; sourceTree = "<group>"; };
		7C10DD4F1FA2EFA600B30090 /* Laugh_detectUITests.xctest */ = {isa = PBXFileReference; explicitFileType = wrapper.cfbundle; includeInIndex = 0; path = Laugh_detectUITests.xctest; sourceTree = BUILT_PRODUCTS_DIR; };
		7C10DD531FA2EFA600B30090 /* Laugh_detectUITests.swift */ = {isa = PBXFileReference; lastKnownFileType = sourcecode.swift; path = Laugh_detectUITests.swift; sourceTree = "<group>"; };
		7C10DD551FA2EFA600B30090 /* Info.plist */ = {isa = PBXFileReference; lastKnownFileType = text.plist.xml; path = Info.plist; sourceTree = "<group>"; };
/* End PBXFileReference section */

/* Begin PBXFrameworksBuildPhase section */
		7C10DD2D1FA2EFA600B30090 /* Frameworks */ = {
			isa = PBXFrameworksBuildPhase;
			buildActionMask = 2147483647;
			files = (
			);
			runOnlyForDeploymentPostprocessing = 0;
		};
		7C10DD411FA2EFA600B30090 /* Frameworks */ = {
			isa = PBXFrameworksBuildPhase;
			buildActionMask = 2147483647;
			files = (
			);
			runOnlyForDeploymentPostprocessing = 0;
		};
		7C10DD4C1FA2EFA600B30090 /* Frameworks */ = {
			isa = PBXFrameworksBuildPhase;
			buildActionMask = 2147483647;
			files = (
			);
			runOnlyForDeploymentPostprocessing = 0;
		};
/* End PBXFrameworksBuildPhase section */

/* Begin PBXGroup section */
		7C10DD271FA2EFA600B30090 = {
			isa = PBXGroup;
			children = (
				7C10DD321FA2EFA600B30090 /* Laugh_detect */,
				7C10DD471FA2EFA600B30090 /* Laugh_detectTests */,
				7C10DD521FA2EFA600B30090 /* Laugh_detectUITests */,
				7C10DD311FA2EFA600B30090 /* Products */,
			);
			sourceTree = "<group>";
		};
		7C10DD311FA2EFA600B30090 /* Products */ = {
			isa = PBXGroup;
			children = (
				7C10DD301FA2EFA600B30090 /* Laugh_detect.app */,
				7C10DD441FA2EFA600B30090 /* Laugh_detectTests.xctest */,
				7C10DD4F1FA2EFA600B30090 /* Laugh_detectUITests.xctest */,
			);
			name = Products;
			sourceTree = "<group>";
		};
		7C10DD321FA2EFA600B30090 /* Laugh_detect */ = {
			isa = PBXGroup;
			children = (
				7C10DD331FA2EFA600B30090 /* AppDelegate.swift */,
				7C10DD351FA2EFA600B30090 /* ViewController.swift */,
				7C10DD371FA2EFA600B30090 /* Main.storyboard */,
				7C10DD3A1FA2EFA600B30090 /* Assets.xcassets */,
				7C10DD3C1FA2EFA600B30090 /* LaunchScreen.storyboard */,
				7C10DD3F1FA2EFA600B30090 /* Info.plist */,
			);
			path = Laugh_detect;
			sourceTree = "<group>";
		};
		7C10DD471FA2EFA600B30090 /* Laugh_detectTests */ = {
			isa = PBXGroup;
			children = (
				7C10DD481FA2EFA600B30090 /* Laugh_detectTests.swift */,
				7C10DD4A1FA2EFA600B30090 /* Info.plist */,
			);
			path = Laugh_detectTests;
			sourceTree = "<group>";
		};
		7C10DD521FA2EFA600B30090 /* Laugh_detectUITests */ = {
			isa = PBXGroup;
			children = (
				7C10DD531FA2EFA600B30090 /* Laugh_detectUITests.swift */,
				7C10DD551FA2EFA600B30090 /* Info.plist */,
			);
			path = Laugh_detectUITests;
			sourceTree = "<group>";
		};
/* End PBXGroup section */

/* Begin PBXNativeTarget section */
		7C10DD2F1FA2EFA600B30090 /* Laugh_detect */ = {
			isa = PBXNativeTarget;
			buildConfigurationList = 7C10DD581FA2EFA600B30090 /* Build configuration list for PBXNativeTarget "Laugh_detect" */;
			buildPhases = (
				7C10DD2C1FA2EFA600B30090 /* Sources */,
				7C10DD2D1FA2EFA600B30090 /* Frameworks */,
				7C10DD2E1FA2EFA600B30090 /* Resources */,
			);
			buildRules = (
			);
			dependencies = (
			);
			name = Laugh_detect;
			productName = Laugh_detect;
			productReference = 7C10DD301FA2EFA600B30090 /* Laugh_detect.app */;
			productType = "com.apple.product-type.application";
		};
		7C10DD431FA2EFA600B30090 /* Laugh_detectTests */ = {
			isa = PBXNativeTarget;
			buildConfigurationList = 7C10DD5B1FA2EFA600B30090 /* Build configuration list for PBXNativeTarget "Laugh_detectTests" */;
			buildPhases = (
				7C10DD401FA2EFA600B30090 /* Sources */,
				7C10DD411FA2EFA600B30090 /* Frameworks */,
				7C10DD421FA2EFA600B30090 /* Resources */,
			);
			buildRules = (
			);
			dependencies = (
				7C10DD461FA2EFA600B30090 /* PBXTargetDependency */,
			);
			name = Laugh_detectTests;
			productName = Laugh_detectTests;
			productReference = 7C10DD441FA2EFA600B30090 /* Laugh_detectTests.xctest */;
			productType = "com.apple.product-type.bundle.unit-test";
		};
		7C10DD4E1FA2EFA600B30090 /* Laugh_detectUITests */ = {
			isa = PBXNativeTarget;
			buildConfigurationList = 7C10DD5E1FA2EFA600B30090 /* Build configuration list for PBXNativeTarget "Laugh_detectUITests" */;
			buildPhases = (
				7C10DD4B1FA2EFA600B30090 /* Sources */,
				7C10DD4C1FA2EFA600B30090 /* Frameworks */,
				7C10DD4D1FA2EFA600B30090 /* Resources */,
			);
			buildRules = (
			);
			dependencies = (
				7C10DD511FA2EFA600B30090 /* PBXTargetDependency */,
			);
			name = Laugh_detectUITests;
			productName = Laugh_detectUITests;
			productReference = 7C10DD4F1FA2EFA600B30090 /* Laugh_detectUITests.xctest */;
			productType = "com.apple.product-type.bundle.ui-testing";
		};
/* End PBXNativeTarget section */

/* Begin PBXProject section */
		7C10DD281FA2EFA600B30090 /* Project object */ = {
			isa = PBXProject;
			attributes = {
				LastSwiftUpdateCheck = 0900;
				LastUpgradeCheck = 0900;
				ORGANIZATIONNAME = "!kie";
				TargetAttributes = {
					7C10DD2F1FA2EFA600B30090 = {
						CreatedOnToolsVersion = 9.0.1;
						ProvisioningStyle = Automatic;
					};
					7C10DD431FA2EFA600B30090 = {
						CreatedOnToolsVersion = 9.0.1;
						ProvisioningStyle = Automatic;
						TestTargetID = 7C10DD2F1FA2EFA600B30090;
					};
					7C10DD4E1FA2EFA600B30090 = {
						CreatedOnToolsVersion = 9.0.1;
						ProvisioningStyle = Automatic;
						TestTargetID = 7C10DD2F1FA2EFA600B30090;
					};
				};
			};
			buildConfigurationList = 7C10DD2B1FA2EFA600B30090 /* Build configuration list for PBXProject "Laugh_detect" */;
			compatibilityVersion = "Xcode 8.0";
			developmentRegion = en;
			hasScannedForEncodings = 0;
			knownRegions = (
				en,
				Base,
			);
			mainGroup = 7C10DD271FA2EFA600B30090;
			productRefGroup = 7C10DD311FA2EFA600B30090 /* Products */;
			projectDirPath = "";
			projectRoot = "";
			targets = (
				7C10DD2F1FA2EFA600B30090 /* Laugh_detect */,
				7C10DD431FA2EFA600B30090 /* Laugh_detectTests */,
				7C10DD4E1FA2EFA600B30090 /* Laugh_detectUITests */,
			);
		};
/* End PBXProject section */

/* Begin PBXResourcesBuildPhase section */
		7C10DD2E1FA2EFA600B30090 /* Resources */ = {
			isa = PBXResourcesBuildPhase;
			buildActionMask = 2147483647;
			files = (
				7C10DD3E1FA2EFA600B30090 /* LaunchScreen.storyboard in Resources */,
				7C10DD3B1FA2EFA600B30090 /* Assets.xcassets in Resources */,
				7C10DD391FA2EFA600B30090 /* Main.storyboard in Resources */,
			);
			runOnlyForDeploymentPostprocessing = 0;
		};
		7C10DD421FA2EFA600B30090 /* Resources */ = {
			isa = PBXResourcesBuildPhase;
			buildActionMask = 2147483647;
			files = (
			);
			runOnlyForDeploymentPostprocessing = 0;
		};
		7C10DD4D1FA2EFA600B30090 /* Resources */ = {
			isa = PBXResourcesBuildPhase;
			buildActionMask = 2147483647;
			files = (
			);
			runOnlyForDeploymentPostprocessing = 0;
		};
/* End PBXResourcesBuildPhase section */

/* Begin PBXSourcesBuildPhase section */
		7C10DD2C1FA2EFA600B30090 /* Sources */ = {
			isa = PBXSourcesBuildPhase;
			buildActionMask = 2147483647;
			files = (
				7C10DD361FA2EFA600B30090 /* ViewController.swift in Sources */,
				7C10DD341FA2EFA600B30090 /* AppDelegate.swift in Sources */,
			);
			runOnlyForDeploymentPostprocessing = 0;
		};
		7C10DD401FA2EFA600B30090 /* Sources */ = {
			isa = PBXSourcesBuildPhase;
			buildActionMask = 2147483647;
			files = (
				7C10DD491FA2EFA600B30090 /* Laugh_detectTests.swift in Sources */,
			);
			runOnlyForDeploymentPostprocessing = 0;
		};
		7C10DD4B1FA2EFA600B30090 /* Sources */ = {
			isa = PBXSourcesBuildPhase;
			buildActionMask = 2147483647;
			files = (
				7C10DD541FA2EFA600B30090 /* Laugh_detectUITests.swift in Sources */,
			);
			runOnlyForDeploymentPostprocessing = 0;
		};
/* End PBXSourcesBuildPhase section */

/* Begin PBXTargetDependency section */
		7C10DD461FA2EFA600B30090 /* PBXTargetDependency */ = {
			isa = PBXTargetDependency;
			target = 7C10DD2F1FA2EFA600B30090 /* Laugh_detect */;
			targetProxy = 7C10DD451FA2EFA600B30090 /* PBXContainerItemProxy */;
		};
		7C10DD511FA2EFA600B30090 /* PBXTargetDependency */ = {
			isa = PBXTargetDependency;
			target = 7C10DD2F1FA2EFA600B30090 /* Laugh_detect */;
			targetProxy = 7C10DD501FA2EFA600B30090 /* PBXContainerItemProxy */;
		};
/* End PBXTargetDependency section */

/* Begin PBXVariantGroup section */
		7C10DD371FA2EFA600B30090 /* Main.storyboard */ = {
			isa = PBXVariantGroup;
			children = (
				7C10DD381FA2EFA600B30090 /* Base */,
			);
			name = Main.storyboard;
			sourceTree = "<group>";
		};
		7C10DD3C1FA2EFA600B30090 /* LaunchScreen.storyboard */ = {
			isa = PBXVariantGroup;
			children = (
				7C10DD3D1FA2EFA600B30090 /* Base */,
			);
			name = LaunchScreen.storyboard;
			sourceTree = "<group>";
		};
/* End PBXVariantGroup section */

/* Begin XCBuildConfiguration section */
		7C10DD561FA2EFA600B30090 /* Debug */ = {
			isa = XCBuildConfiguration;
			buildSettings = {
				ALWAYS_SEARCH_USER_PATHS = NO;
				CLANG_ANALYZER_NONNULL = YES;
				CLANG_ANALYZER_NUMBER_OBJECT_CONVERSION = YES_AGGRESSIVE;
				CLANG_CXX_LANGUAGE_STANDARD = "gnu++14";
				CLANG_CXX_LIBRARY = "libc++";
				CLANG_ENABLE_MODULES = YES;
				CLANG_ENABLE_OBJC_ARC = YES;
				CLANG_WARN_BLOCK_CAPTURE_AUTORELEASING = YES;
				CLANG_WARN_BOOL_CONVERSION = YES;
				CLANG_WARN_COMMA = YES;
				CLANG_WARN_CONSTANT_CONVERSION = YES;
				CLANG_WARN_DIRECT_OBJC_ISA_USAGE = YES_ERROR;
				CLANG_WARN_DOCUMENTATION_COMMENTS = YES;
				CLANG_WARN_EMPTY_BODY = YES;
				CLANG_WARN_ENUM_CONVERSION = YES;
				CLANG_WARN_INFINITE_RECURSION = YES;
				CLANG_WARN_INT_CONVERSION = YES;
				CLANG_WARN_NON_LITERAL_NULL_CONVERSION = YES;
				CLANG_WARN_OBJC_LITERAL_CONVERSION = YES;
				CLANG_WARN_OBJC_ROOT_CLASS = YES_ERROR;
				CLANG_WARN_RANGE_LOOP_ANALYSIS = YES;
				CLANG_WARN_STRICT_PROTOTYPES = YES;
				CLANG_WARN_SUSPICIOUS_MOVE = YES;
				CLANG_WARN_UNGUARDED_AVAILABILITY = YES_AGGRESSIVE;
				CLANG_WARN_UNREACHABLE_CODE = YES;
				CLANG_WARN__DUPLICATE_METHOD_MATCH = YES;
				CODE_SIGN_IDENTITY = "iPhone Developer";
				COPY_PHASE_STRIP = NO;
				DEBUG_INFORMATION_FORMAT = dwarf;
				ENABLE_STRICT_OBJC_MSGSEND = YES;
				ENABLE_TESTABILITY = YES;
				GCC_C_LANGUAGE_STANDARD = gnu11;
				GCC_DYNAMIC_NO_PIC = NO;
				GCC_NO_COMMON_BLOCKS = YES;
				GCC_OPTIMIZATION_LEVEL = 0;
				GCC_PREPROCESSOR_DEFINITIONS = (
					"DEBUG=1",
					"$(inherited)",
				);
				GCC_WARN_64_TO_32_BIT_CONVERSION = YES;
				GCC_WARN_ABOUT_RETURN_TYPE = YES_ERROR;
				GCC_WARN_UNDECLARED_SELECTOR = YES;
				GCC_WARN_UNINITIALIZED_AUTOS = YES_AGGRESSIVE;
				GCC_WARN_UNUSED_FUNCTION = YES;
				GCC_WARN_UNUSED_VARIABLE = YES;
				IPHONEOS_DEPLOYMENT_TARGET = 11.0;
				MTL_ENABLE_DEBUG_INFO = YES;
				ONLY_ACTIVE_ARCH = YES;
				SDKROOT = iphoneos;
				SWIFT_ACTIVE_COMPILATION_CONDITIONS = DEBUG;
				SWIFT_OPTIMIZATION_LEVEL = "-Onone";
			};
			name = Debug;
		};
		7C10DD571FA2EFA600B30090 /* Release */ = {
			isa = XCBuildConfiguration;
			buildSettings = {
				ALWAYS_SEARCH_USER_PATHS = NO;
				CLANG_ANALYZER_NONNULL = YES;
				CLANG_ANALYZER_NUMBER_OBJECT_CONVERSION = YES_AGGRESSIVE;
				CLANG_CXX_LANGUAGE_STANDARD = "gnu++14";
				CLANG_CXX_LIBRARY = "libc++";
				CLANG_ENABLE_MODULES = YES;
				CLANG_ENABLE_OBJC_ARC = YES;
				CLANG_WARN_BLOCK_CAPTURE_AUTORELEASING = YES;
				CLANG_WARN_BOOL_CONVERSION = YES;
				CLANG_WARN_COMMA = YES;
				CLANG_WARN_CONSTANT_CONVERSION = YES;
				CLANG_WARN_DIRECT_OBJC_ISA_USAGE = YES_ERROR;
				CLANG_WARN_DOCUMENTATION_COMMENTS = YES;
				CLANG_WARN_EMPTY_BODY = YES;
				CLANG_WARN_ENUM_CONVERSION = YES;
				CLANG_WARN_INFINITE_RECURSION = YES;
				CLANG_WARN_INT_CONVERSION = YES;
				CLANG_WARN_NON_LITERAL_NULL_CONVERSION = YES;
				CLANG_WARN_OBJC_LITERAL_CONVERSION = YES;
				CLANG_WARN_OBJC_ROOT_CLASS = YES_ERROR;
				CLANG_WARN_RANGE_LOOP_ANALYSIS = YES;
				CLANG_WARN_STRICT_PROTOTYPES = YES;
				CLANG_WARN_SUSPICIOUS_MOVE = YES;
				CLANG_WARN_UNGUARDED_AVAILABILITY = YES_AGGRESSIVE;
				CLANG_WARN_UNREACHABLE_CODE = YES;
				CLANG_WARN__DUPLICATE_METHOD_MATCH = YES;
				CODE_SIGN_IDENTITY = "iPhone Developer";
				COPY_PHASE_STRIP = NO;
				DEBUG_INFORMATION_FORMAT = "dwarf-with-dsym";
				ENABLE_NS_ASSERTIONS = NO;
				ENABLE_STRICT_OBJC_MSGSEND = YES;
				GCC_C_LANGUAGE_STANDARD = gnu11;
				GCC_NO_COMMON_BLOCKS = YES;
				GCC_WARN_64_TO_32_BIT_CONVERSION = YES;
				GCC_WARN_ABOUT_RETURN_TYPE = YES_ERROR;
				GCC_WARN_UNDECLARED_SELECTOR = YES;
				GCC_WARN_UNINITIALIZED_AUTOS = YES_AGGRESSIVE;
				GCC_WARN_UNUSED_FUNCTION = YES;
				GCC_WARN_UNUSED_VARIABLE = YES;
				IPHONEOS_DEPLOYMENT_TARGET = 11.0;
				MTL_ENABLE_DEBUG_INFO = NO;
				SDKROOT = iphoneos;
				SWIFT_OPTIMIZATION_LEVEL = "-Owholemodule";
				VALIDATE_PRODUCT = YES;
			};
			name = Release;
		};
		7C10DD591FA2EFA600B30090 /* Debug */ = {
			isa = XCBuildConfiguration;
			buildSettings = {
				ASSETCATALOG_COMPILER_APPICON_NAME = AppIcon;
				CODE_SIGN_STYLE = Automatic;
				DEVELOPMENT_TEAM = "";
				INFOPLIST_FILE = Laugh_detect/Info.plist;
				LD_RUNPATH_SEARCH_PATHS = "$(inherited) @executable_path/Frameworks";
				PRODUCT_BUNDLE_IDENTIFIER = "Laugh-detect.Laugh-detect";
				PRODUCT_NAME = "$(TARGET_NAME)";
				SWIFT_VERSION = 4.0;
				TARGETED_DEVICE_FAMILY = "1,2";
			};
			name = Debug;
		};
		7C10DD5A1FA2EFA600B30090 /* Release */ = {
			isa = XCBuildConfiguration;
			buildSettings = {
				ASSETCATALOG_COMPILER_APPICON_NAME = AppIcon;
				CODE_SIGN_STYLE = Automatic;
				DEVELOPMENT_TEAM = "";
				INFOPLIST_FILE = Laugh_detect/Info.plist;
				LD_RUNPATH_SEARCH_PATHS = "$(inherited) @executable_path/Frameworks";
				PRODUCT_BUNDLE_IDENTIFIER = "Laugh-detect.Laugh-detect";
				PRODUCT_NAME = "$(TARGET_NAME)";
				SWIFT_VERSION = 4.0;
				TARGETED_DEVICE_FAMILY = "1,2";
			};
			name = Release;
		};
		7C10DD5C1FA2EFA600B30090 /* Debug */ = {
			isa = XCBuildConfiguration;
			buildSettings = {
				ALWAYS_EMBED_SWIFT_STANDARD_LIBRARIES = YES;
				BUNDLE_LOADER = "$(TEST_HOST)";
				CODE_SIGN_STYLE = Automatic;
				INFOPLIST_FILE = Laugh_detectTests/Info.plist;
				LD_RUNPATH_SEARCH_PATHS = "$(inherited) @executable_path/Frameworks @loader_path/Frameworks";
				PRODUCT_BUNDLE_IDENTIFIER = "Laugh-detect.Laugh-detectTests";
				PRODUCT_NAME = "$(TARGET_NAME)";
				SWIFT_VERSION = 4.0;
				TARGETED_DEVICE_FAMILY = "1,2";
				TEST_HOST = "$(BUILT_PRODUCTS_DIR)/Laugh_detect.app/Laugh_detect";
			};
			name = Debug;
		};
		7C10DD5D1FA2EFA600B30090 /* Release */ = {
			isa = XCBuildConfiguration;
			buildSettings = {
				ALWAYS_EMBED_SWIFT_STANDARD_LIBRARIES = YES;
				BUNDLE_LOADER = "$(TEST_HOST)";
				CODE_SIGN_STYLE = Automatic;
				INFOPLIST_FILE = Laugh_detectTests/Info.plist;
				LD_RUNPATH_SEARCH_PATHS = "$(inherited) @executable_path/Frameworks @loader_path/Frameworks";
				PRODUCT_BUNDLE_IDENTIFIER = "Laugh-detect.Laugh-detectTests";
				PRODUCT_NAME = "$(TARGET_NAME)";
				SWIFT_VERSION = 4.0;
				TARGETED_DEVICE_FAMILY = "1,2";
				TEST_HOST = "$(BUILT_PRODUCTS_DIR)/Laugh_detect.app/Laugh_detect";
			};
			name = Release;
		};
		7C10DD5F1FA2EFA600B30090 /* Debug */ = {
			isa = XCBuildConfiguration;
			buildSettings = {
				ALWAYS_EMBED_SWIFT_STANDARD_LIBRARIES = YES;
				CODE_SIGN_STYLE = Automatic;
				INFOPLIST_FILE = Laugh_detectUITests/Info.plist;
				LD_RUNPATH_SEARCH_PATHS = "$(inherited) @executable_path/Frameworks @loader_path/Frameworks";
				PRODUCT_BUNDLE_IDENTIFIER = "Laugh-detect.Laugh-detectUITests";
				PRODUCT_NAME = "$(TARGET_NAME)";
				SWIFT_VERSION = 4.0;
				TARGETED_DEVICE_FAMILY = "1,2";
				TEST_TARGET_NAME = Laugh_detect;
			};
			name = Debug;
		};
		7C10DD601FA2EFA600B30090 /* Release */ = {
			isa = XCBuildConfiguration;
			buildSettings = {
				ALWAYS_EMBED_SWIFT_STANDARD_LIBRARIES = YES;
				CODE_SIGN_STYLE = Automatic;
				INFOPLIST_FILE = Laugh_detectUITests/Info.plist;
				LD_RUNPATH_SEARCH_PATHS = "$(inherited) @executable_path/Frameworks @loader_path/Frameworks";
				PRODUCT_BUNDLE_IDENTIFIER = "Laugh-detect.Laugh-detectUITests";
				PRODUCT_NAME = "$(TARGET_NAME)";
				SWIFT_VERSION = 4.0;
				TARGETED_DEVICE_FAMILY = "1,2";
				TEST_TARGET_NAME = Laugh_detect;
			};
			name = Release;
		};
/* End XCBuildConfiguration section */

/* Begin XCConfigurationList section */
		7C10DD2B1FA2EFA600B30090 /* Build configuration list for PBXProject "Laugh_detect" */ = {
			isa = XCConfigurationList;
			buildConfigurations = (
				7C10DD561FA2EFA600B30090 /* Debug */,
				7C10DD571FA2EFA600B30090 /* Release */,
			);
			defaultConfigurationIsVisible = 0;
			defaultConfigurationName = Release;
		};
		7C10DD581FA2EFA600B30090 /* Build configuration list for PBXNativeTarget "Laugh_detect" */ = {
			isa = XCConfigurationList;
			buildConfigurations = (
				7C10DD591FA2EFA600B30090 /* Debug */,
				7C10DD5A1FA2EFA600B30090 /* Release */,
			);
			defaultConfigurationIsVisible = 0;
			defaultConfigurationName = Release;
		};
		7C10DD5B1FA2EFA600B30090 /* Build configuration list for PBXNativeTarget "Laugh_detectTests" */ = {
			isa = XCConfigurationList;
			buildConfigurations = (
				7C10DD5C1FA2EFA600B30090 /* Debug */,
				7C10DD5D1FA2EFA600B30090 /* Release */,
			);
			defaultConfigurationIsVisible = 0;
			defaultConfigurationName = Release;
		};
		7C10DD5E1FA2EFA600B30090 /* Build configuration list for PBXNativeTarget "Laugh_detectUITests" */ = {
			isa = XCConfigurationList;
			buildConfigurations = (
				7C10DD5F1FA2EFA600B30090 /* Debug */,
				7C10DD601FA2EFA600B30090 /* Release */,
			);
			defaultConfigurationIsVisible = 0;
			defaultConfigurationName = Release;
		};
/* End XCConfigurationList section */
	};
	rootObject = 7C10DD281FA2EFA600B30090 /* Project object */;
}
